// !$*UTF8*$!
{
	archiveVersion = 1;
	classes = {
	};
	objectVersion = 48;
	objects = {

/* Begin PBXBuildFile section */
		99F3985C1F9A0B3E005786D6 /* AppDelegate.m in Sources */ = {isa = PBXBuildFile; fileRef = 99F3985B1F9A0B3E005786D6 /* AppDelegate.m */; };
		99F3985F1F9A0B3E005786D6 /* ViewController.m in Sources */ = {isa = PBXBuildFile; fileRef = 99F3985E1F9A0B3E005786D6 /* ViewController.m */; };
		99F398621F9A0B3E005786D6 /* Main.storyboard in Resources */ = {isa = PBXBuildFile; fileRef = 99F398601F9A0B3E005786D6 /* Main.storyboard */; };
		99F398641F9A0B3E005786D6 /* Assets.xcassets in Resources */ = {isa = PBXBuildFile; fileRef = 99F398631F9A0B3E005786D6 /* Assets.xcassets */; };
		99F398671F9A0B3E005786D6 /* LaunchScreen.storyboard in Resources */ = {isa = PBXBuildFile; fileRef = 99F398651F9A0B3E005786D6 /* LaunchScreen.storyboard */; };
		99F3986A1F9A0B3E005786D6 /* main.m in Sources */ = {isa = PBXBuildFile; fileRef = 99F398691F9A0B3E005786D6 /* main.m */; };
		99F398711F9A0BA2005786D6 /* blast in Resources */ = {isa = PBXBuildFile; fileRef = 99F398701F9A0BA2005786D6 /* blast */; };
		99F398731F9A0BBC005786D6 /* plane in Resources */ = {isa = PBXBuildFile; fileRef = 99F398721F9A0BBC005786D6 /* plane */; };
		99F398761F9A0BDE005786D6 /* s3.wav in Resources */ = {isa = PBXBuildFile; fileRef = 99F398741F9A0BDE005786D6 /* s3.wav */; };
		99F398771F9A0BDE005786D6 /* b0.mp3 in Resources */ = {isa = PBXBuildFile; fileRef = 99F398751F9A0BDE005786D6 /* b0.mp3 */; };
		99F3987A1F9A0CBD005786D6 /* Spirit.m in Sources */ = {isa = PBXBuildFile; fileRef = 99F398791F9A0CBD005786D6 /* Spirit.m */; };
/* End PBXBuildFile section */

/* Begin PBXFileReference section */
		99F398571F9A0B3E005786D6 /* AirFight.app */ = {isa = PBXFileReference; explicitFileType = wrapper.application; includeInIndex = 0; path = AirFight.app; sourceTree = BUILT_PRODUCTS_DIR; };
		99F3985A1F9A0B3E005786D6 /* AppDelegate.h */ = {isa = PBXFileReference; lastKnownFileType = sourcecode.c.h; path = AppDelegate.h; sourceTree = "<group>"; };
		99F3985B1F9A0B3E005786D6 /* AppDelegate.m */ = {isa = PBXFileReference; lastKnownFileType = sourcecode.c.objc; path = AppDelegate.m; sourceTree = "<group>"; };
		99F3985D1F9A0B3E005786D6 /* ViewController.h */ = {isa = PBXFileReference; lastKnownFileType = sourcecode.c.h; path = ViewController.h; sourceTree = "<group>"; };
		99F3985E1F9A0B3E005786D6 /* ViewController.m */ = {isa = PBXFileReference; lastKnownFileType = sourcecode.c.objc; path = ViewController.m; sourceTree = "<group>"; };
		99F398611F9A0B3E005786D6 /* Base */ = {isa = PBXFileReference; lastKnownFileType = file.storyboard; name = Base; path = Base.lproj/Main.storyboard; sourceTree = "<group>"; };
		99F398631F9A0B3E005786D6 /* Assets.xcassets */ = {isa = PBXFileReference; lastKnownFileType = folder.assetcatalog; path = Assets.xcassets; sourceTree = "<group>"; };
		99F398661F9A0B3E005786D6 /* Base */ = {isa = PBXFileReference; lastKnownFileType = file.storyboard; name = Base; path = Base.lproj/LaunchScreen.storyboard; sourceTree = "<group>"; };
		99F398681F9A0B3E005786D6 /* Info.plist */ = {isa = PBXFileReference; lastKnownFileType = text.plist.xml; path = Info.plist; sourceTree = "<group>"; };
		99F398691F9A0B3E005786D6 /* main.m */ = {isa = PBXFileReference; lastKnownFileType = sourcecode.c.objc; path = main.m; sourceTree = "<group>"; };
		99F398701F9A0BA2005786D6 /* blast */ = {isa = PBXFileReference; lastKnownFileType = folder; path = blast; sourceTree = "<group>"; };
		99F398721F9A0BBC005786D6 /* plane */ = {isa = PBXFileReference; lastKnownFileType = folder; path = plane; sourceTree = "<group>"; };
		99F398741F9A0BDE005786D6 /* s3.wav */ = {isa = PBXFileReference; lastKnownFileType = audio.wav; path = s3.wav; sourceTree = "<group>"; };
		99F398751F9A0BDE005786D6 /* b0.mp3 */ = {isa = PBXFileReference; lastKnownFileType = audio.mp3; path = b0.mp3; sourceTree = "<group>"; };
		99F398781F9A0CBD005786D6 /* Spirit.h */ = {isa = PBXFileReference; lastKnownFileType = sourcecode.c.h; path = Spirit.h; sourceTree = "<group>"; };
		99F398791F9A0CBD005786D6 /* Spirit.m */ = {isa = PBXFileReference; lastKnownFileType = sourcecode.c.objc; path = Spirit.m; sourceTree = "<group>"; };
/* End PBXFileReference section */

/* Begin PBXFrameworksBuildPhase section */
		99F398541F9A0B3E005786D6 /* Frameworks */ = {
			isa = PBXFrameworksBuildPhase;
			buildActionMask = 2147483647;
			files = (
			);
			runOnlyForDeploymentPostprocessing = 0;
		};
/* End PBXFrameworksBuildPhase section */

/* Begin PBXGroup section */
		99F3984E1F9A0B3D005786D6 = {
			isa = PBXGroup;
			children = (
				99F398591F9A0B3E005786D6 /* AirFight */,
				99F398581F9A0B3E005786D6 /* Products */,
			);
			sourceTree = "<group>";
		};
		99F398581F9A0B3E005786D6 /* Products */ = {
			isa = PBXGroup;
			children = (
				99F398571F9A0B3E005786D6 /* AirFight.app */,
			);
			name = Products;
			sourceTree = "<group>";
		};
		99F398591F9A0B3E005786D6 /* AirFight */ = {
			isa = PBXGroup;
			children = (
				99F398751F9A0BDE005786D6 /* b0.mp3 */,
				99F398741F9A0BDE005786D6 /* s3.wav */,
				99F398721F9A0BBC005786D6 /* plane */,
				99F398701F9A0BA2005786D6 /* blast */,
				99F3985A1F9A0B3E005786D6 /* AppDelegate.h */,
				99F398781F9A0CBD005786D6 /* Spirit.h */,
				99F398791F9A0CBD005786D6 /* Spirit.m */,
				99F3985B1F9A0B3E005786D6 /* AppDelegate.m */,
				99F3985D1F9A0B3E005786D6 /* ViewController.h */,
				99F3985E1F9A0B3E005786D6 /* ViewController.m */,
				99F398601F9A0B3E005786D6 /* Main.storyboard */,
				99F398631F9A0B3E005786D6 /* Assets.xcassets */,
				99F398651F9A0B3E005786D6 /* LaunchScreen.storyboard */,
				99F398681F9A0B3E005786D6 /* Info.plist */,
				99F398691F9A0B3E005786D6 /* main.m */,
			);
			path = AirFight;
			sourceTree = "<group>";
		};
/* End PBXGroup section */

/* Begin PBXNativeTarget section */
		99F398561F9A0B3E005786D6 /* AirFight */ = {
			isa = PBXNativeTarget;
			buildConfigurationList = 99F3986D1F9A0B3E005786D6 /* Build configuration list for PBXNativeTarget "AirFight" */;
			buildPhases = (
				99F398531F9A0B3E005786D6 /* Sources */,
				99F398541F9A0B3E005786D6 /* Frameworks */,
				99F398551F9A0B3E005786D6 /* Resources */,
			);
			buildRules = (
			);
			dependencies = (
			);
			name = AirFight;
			productName = AirFight;
			productReference = 99F398571F9A0B3E005786D6 /* AirFight.app */;
			productType = "com.apple.product-type.application";
		};
/* End PBXNativeTarget section */

/* Begin PBXProject section */
		99F3984F1F9A0B3D005786D6 /* Project object */ = {
			isa = PBXProject;
			attributes = {
				LastUpgradeCheck = 0900;
				ORGANIZATIONNAME = Yifeng;
				TargetAttributes = {
					99F398561F9A0B3E005786D6 = {
						CreatedOnToolsVersion = 9.0;
						ProvisioningStyle = Automatic;
					};
				};
			};
			buildConfigurationList = 99F398521F9A0B3D005786D6 /* Build configuration list for PBXProject "AirFight" */;
			compatibilityVersion = "Xcode 8.0";
			developmentRegion = en;
			hasScannedForEncodings = 0;
			knownRegions = (
				en,
				Base,
			);
			mainGroup = 99F3984E1F9A0B3D005786D6;
			productRefGroup = 99F398581F9A0B3E005786D6 /* Products */;
			projectDirPath = "";
			projectRoot = "";
			targets = (
				99F398561F9A0B3E005786D6 /* AirFight */,
			);
		};
/* End PBXProject section */

/* Begin PBXResourcesBuildPhase section */
		99F398551F9A0B3E005786D6 /* Resources */ = {
			isa = PBXResourcesBuildPhase;
			buildActionMask = 2147483647;
			files = (
				99F398761F9A0BDE005786D6 /* s3.wav in Resources */,
				99F398731F9A0BBC005786D6 /* plane in Resources */,
				99F398671F9A0B3E005786D6 /* LaunchScreen.storyboard in Resources */,
				99F398641F9A0B3E005786D6 /* Assets.xcassets in Resources */,
				99F398621F9A0B3E005786D6 /* Main.storyboard in Resources */,
				99F398771F9A0BDE005786D6 /* b0.mp3 in Resources */,
				99F398711F9A0BA2005786D6 /* blast in Resources */,
			);
			runOnlyForDeploymentPostprocessing = 0;
		};
/* End PBXResourcesBuildPhase section */

/* Begin PBXSourcesBuildPhase section */
		99F398531F9A0B3E005786D6 /* Sources */ = {
			isa = PBXSourcesBuildPhase;
			buildActionMask = 2147483647;
			files = (
				99F3985F1F9A0B3E005786D6 /* ViewController.m in Sources */,
				99F3986A1F9A0B3E005786D6 /* main.m in Sources */,
				99F3987A1F9A0CBD005786D6 /* Spirit.m in Sources */,
				99F3985C1F9A0B3E005786D6 /* AppDelegate.m in Sources */,
			);
			runOnlyForDeploymentPostprocessing = 0;
		};
/* End PBXSourcesBuildPhase section */

/* Begin PBXVariantGroup section */
		99F398601F9A0B3E005786D6 /* Main.storyboard */ = {
			isa = PBXVariantGroup;
			children = (
				99F398611F9A0B3E005786D6 /* Base */,
			);
			name = Main.storyboard;
			sourceTree = "<group>";
		};
		99F398651F9A0B3E005786D6 /* LaunchScreen.storyboard */ = {
			isa = PBXVariantGroup;
			children = (
				99F398661F9A0B3E005786D6 /* Base */,
			);
			name = LaunchScreen.storyboard;
			sourceTree = "<group>";
		};
/* End PBXVariantGroup section */

/* Begin XCBuildConfiguration section */
		99F3986B1F9A0B3E005786D6 /* Debug */ = {
			isa = XCBuildConfiguration;
			buildSettings = {
				ALWAYS_SEARCH_USER_PATHS = NO;
				CLANG_ANALYZER_NONNULL = YES;
				CLANG_ANALYZER_NUMBER_OBJECT_CONVERSION = YES_AGGRESSIVE;
				CLANG_CXX_LANGUAGE_STANDARD = "gnu++14";
				CLANG_CXX_LIBRARY = "libc++";
				CLANG_ENABLE_MODULES = YES;
				CLANG_ENABLE_OBJC_ARC = YES;
				CLANG_WARN_BLOCK_CAPTURE_AUTORELEASING = YES;
				CLANG_WARN_BOOL_CONVERSION = YES;
				CLANG_WARN_COMMA = YES;
				CLANG_WARN_CONSTANT_CONVERSION = YES;
				CLANG_WARN_DIRECT_OBJC_ISA_USAGE = YES_ERROR;
				CLANG_WARN_DOCUMENTATION_COMMENTS = YES;
				CLANG_WARN_EMPTY_BODY = YES;
				CLANG_WARN_ENUM_CONVERSION = YES;
				CLANG_WARN_INFINITE_RECURSION = YES;
				CLANG_WARN_INT_CONVERSION = YES;
				CLANG_WARN_NON_LITERAL_NULL_CONVERSION = YES;
				CLANG_WARN_OBJC_LITERAL_CONVERSION = YES;
				CLANG_WARN_OBJC_ROOT_CLASS = YES_ERROR;
				CLANG_WARN_RANGE_LOOP_ANALYSIS = YES;
				CLANG_WARN_STRICT_PROTOTYPES = YES;
				CLANG_WARN_SUSPICIOUS_MOVE = YES;
				CLANG_WARN_UNGUARDED_AVAILABILITY = YES_AGGRESSIVE;
				CLANG_WARN_UNREACHABLE_CODE = YES;
				CLANG_WARN__DUPLICATE_METHOD_MATCH = YES;
				CODE_SIGN_IDENTITY = "iPhone Developer";
				COPY_PHASE_STRIP = NO;
				DEBUG_INFORMATION_FORMAT = dwarf;
				ENABLE_STRICT_OBJC_MSGSEND = YES;
				ENABLE_TESTABILITY = YES;
				GCC_C_LANGUAGE_STANDARD = gnu11;
				GCC_DYNAMIC_NO_PIC = NO;
				GCC_NO_COMMON_BLOCKS = YES;
				GCC_OPTIMIZATION_LEVEL = 0;
				GCC_PREPROCESSOR_DEFINITIONS = (
					"DEBUG=1",
					"$(inherited)",
				);
				GCC_WARN_64_TO_32_BIT_CONVERSION = YES;
				GCC_WARN_ABOUT_RETURN_TYPE = YES_ERROR;
				GCC_WARN_UNDECLARED_SELECTOR = YES;
				GCC_WARN_UNINITIALIZED_AUTOS = YES_AGGRESSIVE;
				GCC_WARN_UNUSED_FUNCTION = YES;
				GCC_WARN_UNUSED_VARIABLE = YES;
				IPHONEOS_DEPLOYMENT_TARGET = 11.0;
				MTL_ENABLE_DEBUG_INFO = YES;
				ONLY_ACTIVE_ARCH = YES;
				SDKROOT = iphoneos;
			};
			name = Debug;
		};
		99F3986C1F9A0B3E005786D6 /* Release */ = {
			isa = XCBuildConfiguration;
			buildSettings = {
				ALWAYS_SEARCH_USER_PATHS = NO;
				CLANG_ANALYZER_NONNULL = YES;
				CLANG_ANALYZER_NUMBER_OBJECT_CONVERSION = YES_AGGRESSIVE;
				CLANG_CXX_LANGUAGE_STANDARD = "gnu++14";
				CLANG_CXX_LIBRARY = "libc++";
				CLANG_ENABLE_MODULES = YES;
				CLANG_ENABLE_OBJC_ARC = YES;
				CLANG_WARN_BLOCK_CAPTURE_AUTORELEASING = YES;
				CLANG_WARN_BOOL_CONVERSION = YES;
				CLANG_WARN_COMMA = YES;
				CLANG_WARN_CONSTANT_CONVERSION = YES;
				CLANG_WARN_DIRECT_OBJC_ISA_USAGE = YES_ERROR;
				CLANG_WARN_DOCUMENTATION_COMMENTS = YES;
				CLANG_WARN_EMPTY_BODY = YES;
				CLANG_WARN_ENUM_CONVERSION = YES;
				CLANG_WARN_INFINITE_RECURSION = YES;
				CLANG_WARN_INT_CONVERSION = YES;
				CLANG_WARN_NON_LITERAL_NULL_CONVERSION = YES;
				CLANG_WARN_OBJC_LITERAL_CONVERSION = YES;
				CLANG_WARN_OBJC_ROOT_CLASS = YES_ERROR;
				CLANG_WARN_RANGE_LOOP_ANALYSIS = YES;
				CLANG_WARN_STRICT_PROTOTYPES = YES;
				CLANG_WARN_SUSPICIOUS_MOVE = YES;
				CLANG_WARN_UNGUARDED_AVAILABILITY = YES_AGGRESSIVE;
				CLANG_WARN_UNREACHABLE_CODE = YES;
				CLANG_WARN__DUPLICATE_METHOD_MATCH = YES;
				CODE_SIGN_IDENTITY = "iPhone Developer";
				COPY_PHASE_STRIP = NO;
				DEBUG_INFORMATION_FORMAT = "dwarf-with-dsym";
				ENABLE_NS_ASSERTIONS = NO;
				ENABLE_STRICT_OBJC_MSGSEND = YES;
				GCC_C_LANGUAGE_STANDARD = gnu11;
				GCC_NO_COMMON_BLOCKS = YES;
				GCC_WARN_64_TO_32_BIT_CONVERSION = YES;
				GCC_WARN_ABOUT_RETURN_TYPE = YES_ERROR;
				GCC_WARN_UNDECLARED_SELECTOR = YES;
				GCC_WARN_UNINITIALIZED_AUTOS = YES_AGGRESSIVE;
				GCC_WARN_UNUSED_FUNCTION = YES;
				GCC_WARN_UNUSED_VARIABLE = YES;
				IPHONEOS_DEPLOYMENT_TARGET = 11.0;
				MTL_ENABLE_DEBUG_INFO = NO;
				SDKROOT = iphoneos;
				VALIDATE_PRODUCT = YES;
			};
			name = Release;
		};
		99F3986E1F9A0B3E005786D6 /* Debug */ = {
			isa = XCBuildConfiguration;
			buildSettings = {
				ASSETCATALOG_COMPILER_APPICON_NAME = AppIcon;
				CODE_SIGN_STYLE = Automatic;
				DEVELOPMENT_TEAM = 42GADX8FXD;
				INFOPLIST_FILE = AirFight/Info.plist;
				LD_RUNPATH_SEARCH_PATHS = "$(inherited) @executable_path/Frameworks";
				PRODUCT_BUNDLE_IDENTIFIER = "com.fenggmy-163.AirFight";
				PRODUCT_NAME = "$(TARGET_NAME)";
				TARGETED_DEVICE_FAMILY = "1,2";
			};
			name = Debug;
		};
		99F3986F1F9A0B3E005786D6 /* Release */ = {
			isa = XCBuildConfiguration;
			buildSettings = {
				ASSETCATALOG_COMPILER_APPICON_NAME = AppIcon;
				CODE_SIGN_STYLE = Automatic;
				DEVELOPMENT_TEAM = 42GADX8FXD;
				INFOPLIST_FILE = AirFight/Info.plist;
				LD_RUNPATH_SEARCH_PATHS = "$(inherited) @executable_path/Frameworks";
				PRODUCT_BUNDLE_IDENTIFIER = "com.fenggmy-163.AirFight";
				PRODUCT_NAME = "$(TARGET_NAME)";
				TARGETED_DEVICE_FAMILY = "1,2";
			};
			name = Release;
		};
/* End XCBuildConfiguration section */

/* Begin XCConfigurationList section */
		99F398521F9A0B3D005786D6 /* Build configuration list for PBXProject "AirFight" */ = {
			isa = XCConfigurationList;
			buildConfigurations = (
				99F3986B1F9A0B3E005786D6 /* Debug */,
				99F3986C1F9A0B3E005786D6 /* Release */,
			);
			defaultConfigurationIsVisible = 0;
			defaultConfigurationName = Release;
		};
		99F3986D1F9A0B3E005786D6 /* Build configuration list for PBXNativeTarget "AirFight" */ = {
			isa = XCConfigurationList;
			buildConfigurations = (
				99F3986E1F9A0B3E005786D6 /* Debug */,
				99F3986F1F9A0B3E005786D6 /* Release */,
			);
			defaultConfigurationIsVisible = 0;
			defaultConfigurationName = Release;
		};
/* End XCConfigurationList section */
	};
	rootObject = 99F3984F1F9A0B3D005786D6 /* Project object */;
}
